// !$*UTF8*$!
{
	archiveVersion = 1;
	classes = {
	};
	objectVersion = 77;
	objects = {

/* Begin PBXBuildFile section */
		0F917684FE0BFEFE4B089BDE /* CoherenceWatchApp.swift in Sources */ = {isa = PBXBuildFile; fileRef = E1BAE5477DD544B1570747AD /* CoherenceWatchApp.swift */; };
		1297D434C6DABD4D79D7EEA9 /* AppleDiagnosticSnapshot.swift in Sources */ = {isa = PBXBuildFile; fileRef = 0A0F53EF97C26AC8A87DEB9F /* AppleDiagnosticSnapshot.swift */; };
		1B1A3A64D64FF84B4A89EBF7 /* CoherenceData in Frameworks */ = {isa = PBXBuildFile; productRef = 994B2A0A85E00201B8C2398D /* CoherenceData */; };
		22F83AB04E91A53A6AC64D19 /* CoherenceSync in Frameworks */ = {isa = PBXBuildFile; productRef = 3BA9B49658AA1E4633C90B4D /* CoherenceSync */; };
		24F9DFC230B1EAB11F0E4BE6 /* PhonePermissionsView.swift in Sources */ = {isa = PBXBuildFile; fileRef = 12F5A46C383BD5D806547646 /* PhonePermissionsView.swift */; };
		404AFF16F8A2FBAD50FD88C3 /* AppleRuntimeConfiguration.swift in Sources */ = {isa = PBXBuildFile; fileRef = B5E95A58C8FB2A2C0A75BD0A /* AppleRuntimeConfiguration.swift */; };
		44C72C352556BAF584FEB200 /* WatchCompositionRoot.swift in Sources */ = {isa = PBXBuildFile; fileRef = C98D26AFB82A838D4EAD03C5 /* WatchCompositionRoot.swift */; };
		4F3537BE0E1A09FE5B12D913 /* CoherenceSync in Frameworks */ = {isa = PBXBuildFile; productRef = 6C1169BD12950A2CED9BE8F9 /* CoherenceSync */; };
		510ABEBBDB749E57B9C1F731 /* PhoneRootView.swift in Sources */ = {isa = PBXBuildFile; fileRef = 146EB442A4994D79DCCFBD0C /* PhoneRootView.swift */; };
		53370F724CB33FF7D91E19CA /* CoherenceAcquisition in Frameworks */ = {isa = PBXBuildFile; productRef = B2DB0525356FBCAA40D4AB68 /* CoherenceAcquisition */; };
		54A038C652F62FD0A007E294 /* CoherenceCore in Frameworks */ = {isa = PBXBuildFile; productRef = 3A83743798739604B4A98982 /* CoherenceCore */; };
		5EAB8F1859B9A9E5A272A1A6 /* WatchCompositionTests.swift in Sources */ = {isa = PBXBuildFile; fileRef = 92ADBC8D8F70308B7CBF44C0 /* WatchCompositionTests.swift */; };
		68557C84491B188B313B56A1 /* BootstrapSensorAdapters.swift in Sources */ = {isa = PBXBuildFile; fileRef = 0A79D57FF53818EAF7EE16FA /* BootstrapSensorAdapters.swift */; };
		6E9A69B44C597EF81F560849 /* AuthorizationServices.swift in Sources */ = {isa = PBXBuildFile; fileRef = D508757CB2061B46571DC9C7 /* AuthorizationServices.swift */; };
		6F5F0F7140A8766595596250 /* PhoneAppModel.swift in Sources */ = {isa = PBXBuildFile; fileRef = A33B9349CB05A0933A46D43B /* PhoneAppModel.swift */; };
		6FB82808C9AF85F0B95D8769 /* WatchRootView.swift in Sources */ = {isa = PBXBuildFile; fileRef = E23EEF1A968B5C63FEB66E7F /* WatchRootView.swift */; };
		7320D6BCC6AFF44708658BE8 /* AuthorizationPresentation.swift in Sources */ = {isa = PBXBuildFile; fileRef = 7DF09B0E0F1B7A0BB1CBC49B /* AuthorizationPresentation.swift */; };
		74505341961BB26AA3311ED2 /* HealthKitMeasurementAuthorizationService.swift in Sources */ = {isa = PBXBuildFile; fileRef = 8D80A52C7F5F97D99BC190EB /* HealthKitMeasurementAuthorizationService.swift */; };
		80ED975E32DE270E6B76C8DA /* PhonePrivacyView.swift in Sources */ = {isa = PBXBuildFile; fileRef = 0F6D5F66F86F9FAAC1B3F475 /* PhonePrivacyView.swift */; };
		84BA2A18311840B356E7AC93 /* FixtureMeasurementSessionLifecycleService.swift in Sources */ = {isa = PBXBuildFile; fileRef = E29FC49C17D8125CB6395CAE /* FixtureMeasurementSessionLifecycleService.swift */; };
		85CCCD8031B68B1199939187 /* AuthorizationServices.swift in Sources */ = {isa = PBXBuildFile; fileRef = D508757CB2061B46571DC9C7 /* AuthorizationServices.swift */; };
		8CFFE0AED25A5B3B47BFC154 /* CoherenceAppUITests.swift in Sources */ = {isa = PBXBuildFile; fileRef = AA8BEC1A31DC67305423E7A3 /* CoherenceAppUITests.swift */; };
		9D16B4D34F7C31ED3D888F7A /* CoherenceFeatures in Frameworks */ = {isa = PBXBuildFile; productRef = 4A957DA0DE1541FEBE35D98D /* CoherenceFeatures */; };
		A7261CD48183002FDFCC07FB /* CoherenceCore in Frameworks */ = {isa = PBXBuildFile; productRef = DCFDE9E261849BFAC4777CDD /* CoherenceCore */; };
		A8EAD669536B3E2F205A5ECE /* AuthorizationPresentation.swift in Sources */ = {isa = PBXBuildFile; fileRef = 7DF09B0E0F1B7A0BB1CBC49B /* AuthorizationPresentation.swift */; };
		ADF0CD022CE2A67F614F3825 /* PhoneCompositionRoot.swift in Sources */ = {isa = PBXBuildFile; fileRef = 502326384CA02FD138B13FC8 /* PhoneCompositionRoot.swift */; };
		AFAF621D4623FB12555A14C5 /* PhoneCompositionTests.swift in Sources */ = {isa = PBXBuildFile; fileRef = 1FECD9BD77D2A056D2F772BC /* PhoneCompositionTests.swift */; };
		B3467BCEC792B650E4D47A86 /* HealthKitMeasurementAuthorizationService.swift in Sources */ = {isa = PBXBuildFile; fileRef = 8D80A52C7F5F97D99BC190EB /* HealthKitMeasurementAuthorizationService.swift */; };
		B69DFB9197250E696A884E87 /* CoherenceWatchApp.app in Embed Watch Content */ = {isa = PBXBuildFile; fileRef = B6EE446C88DFAFA8A53D000E /* CoherenceWatchApp.app */; settings = {ATTRIBUTES = (RemoveHeadersOnCopy, ); }; };
		B7C2E98CA2C6037E4AF71267 /* PhoneOverviewView.swift in Sources */ = {isa = PBXBuildFile; fileRef = D47E3C30B2BFFA2C7AF5706C /* PhoneOverviewView.swift */; };
		C542084B6A71260CBFD4C6EC /* WatchAppModel.swift in Sources */ = {isa = PBXBuildFile; fileRef = D0F893D792732C8902DAAC5F /* WatchAppModel.swift */; };
		C57108994A4C5D6ADE2A6E84 /* FixtureMeasurementSessionLifecycleService.swift in Sources */ = {isa = PBXBuildFile; fileRef = E29FC49C17D8125CB6395CAE /* FixtureMeasurementSessionLifecycleService.swift */; };
		C8A0C4F7537A5059A89E290E /* BootstrapSensorAdapters.swift in Sources */ = {isa = PBXBuildFile; fileRef = 0A79D57FF53818EAF7EE16FA /* BootstrapSensorAdapters.swift */; };
		CE4735803FA806693A79A094 /* AppleDiagnosticSnapshot.swift in Sources */ = {isa = PBXBuildFile; fileRef = 0A0F53EF97C26AC8A87DEB9F /* AppleDiagnosticSnapshot.swift */; };
		DB6F162BACC7133958603B55 /* CoherenceApp.swift in Sources */ = {isa = PBXBuildFile; fileRef = BA3EB378294E545ABD15DDB6 /* CoherenceApp.swift */; };
		E24DB15763E76D2B64EB523D /* CoherenceData in Frameworks */ = {isa = PBXBuildFile; productRef = 68362510A42F302AD46D72F4 /* CoherenceData */; };
		E96E3B1411F2E1F035AAA842 /* PhoneDiagnosticsView.swift in Sources */ = {isa = PBXBuildFile; fileRef = 5694D7CA4358E13D5D67969E /* PhoneDiagnosticsView.swift */; };
		EE87130F24BECD05278B85B7 /* AppleRuntimeConfiguration.swift in Sources */ = {isa = PBXBuildFile; fileRef = B5E95A58C8FB2A2C0A75BD0A /* AppleRuntimeConfiguration.swift */; };
		F03D0F73726007B90FBD3409 /* CoherenceAcquisition in Frameworks */ = {isa = PBXBuildFile; productRef = 7F46E13ED5B1A680D7721515 /* CoherenceAcquisition */; };
		F6FACECD2DAB84DB5D536E0E /* WatchSessionLifecycleView.swift in Sources */ = {isa = PBXBuildFile; fileRef = 9EC6CC5D30444859474D9BB5 /* WatchSessionLifecycleView.swift */; };
		FC2607F99FC2BFC7AEFB0B78 /* CoherenceCore in Frameworks */ = {isa = PBXBuildFile; productRef = 19FB7D62B6F6B602EE17B3E2 /* CoherenceCore */; };
		FE431DA9C24AE2C8F01D64D0 /* CoherenceAcquisition in Frameworks */ = {isa = PBXBuildFile; productRef = 4A81E9C12F153CB749BD007C /* CoherenceAcquisition */; };
		FE9774A751F7FC7B475588DE /* CoherenceAcquisition in Frameworks */ = {isa = PBXBuildFile; productRef = 0D7F607BB4192888FBAF6FFD /* CoherenceAcquisition */; };
		FFBFE529B996E22462EA7BBE /* CoherenceCore in Frameworks */ = {isa = PBXBuildFile; productRef = D90B73617ABDDCAED378D012 /* CoherenceCore */; };
/* End PBXBuildFile section */

/* Begin PBXContainerItemProxy section */
		430BABA34BA5E3D6E7443F23 /* PBXContainerItemProxy */ = {
			isa = PBXContainerItemProxy;
			containerPortal = B4A2EB289D1F0BDEB14733DE /* Project object */;
			proxyType = 1;
			remoteGlobalIDString = 3FCB376B4927AA8030C1E578;
			remoteInfo = CoherenceApp;
		};
		6527FFBB621F8FBC61A006F7 /* PBXContainerItemProxy */ = {
			isa = PBXContainerItemProxy;
			containerPortal = B4A2EB289D1F0BDEB14733DE /* Project object */;
			proxyType = 1;
			remoteGlobalIDString = C581DBFCC14D794963136452;
			remoteInfo = CoherenceWatchApp;
		};
		89FD106FE4BA7E3441EBE382 /* PBXContainerItemProxy */ = {
			isa = PBXContainerItemProxy;
			containerPortal = B4A2EB289D1F0BDEB14733DE /* Project object */;
			proxyType = 1;
			remoteGlobalIDString = 3FCB376B4927AA8030C1E578;
			remoteInfo = CoherenceApp;
		};
		8C58F8815C8CCD2E1513725C /* PBXContainerItemProxy */ = {
			isa = PBXContainerItemProxy;
			containerPortal = B4A2EB289D1F0BDEB14733DE /* Project object */;
			proxyType = 1;
			remoteGlobalIDString = C581DBFCC14D794963136452;
			remoteInfo = CoherenceWatchApp;
		};
/* End PBXContainerItemProxy section */

/* Begin PBXCopyFilesBuildPhase section */
		0203271B45DC54F454AA99C6 /* Embed Watch Content */ = {
			isa = PBXCopyFilesBuildPhase;
			buildActionMask = 2147483647;
			dstPath = "$(CONTENTS_FOLDER_PATH)/Watch";
			dstSubfolderSpec = 16;
			files = (
				B69DFB9197250E696A884E87 /* CoherenceWatchApp.app in Embed Watch Content */,
			);
			name = "Embed Watch Content";
			runOnlyForDeploymentPostprocessing = 0;
		};
/* End PBXCopyFilesBuildPhase section */

/* Begin PBXFileReference section */
		0A0F53EF97C26AC8A87DEB9F /* AppleDiagnosticSnapshot.swift */ = {isa = PBXFileReference; lastKnownFileType = sourcecode.swift; path = AppleDiagnosticSnapshot.swift; sourceTree = "<group>"; };
		0A79D57FF53818EAF7EE16FA /* BootstrapSensorAdapters.swift */ = {isa = PBXFileReference; lastKnownFileType = sourcecode.swift; path = BootstrapSensorAdapters.swift; sourceTree = "<group>"; };
		0F6D5F66F86F9FAAC1B3F475 /* PhonePrivacyView.swift */ = {isa = PBXFileReference; lastKnownFileType = sourcecode.swift; path = PhonePrivacyView.swift; sourceTree = "<group>"; };
		12F5A46C383BD5D806547646 /* PhonePermissionsView.swift */ = {isa = PBXFileReference; lastKnownFileType = sourcecode.swift; path = PhonePermissionsView.swift; sourceTree = "<group>"; };
		146EB442A4994D79DCCFBD0C /* PhoneRootView.swift */ = {isa = PBXFileReference; lastKnownFileType = sourcecode.swift; path = PhoneRootView.swift; sourceTree = "<group>"; };
		1D1ACDD5BF71E48ED57E2C35 /* Release.xcconfig */ = {isa = PBXFileReference; lastKnownFileType = text.xcconfig; path = Release.xcconfig; sourceTree = "<group>"; };
		1FECD9BD77D2A056D2F772BC /* PhoneCompositionTests.swift */ = {isa = PBXFileReference; lastKnownFileType = sourcecode.swift; path = PhoneCompositionTests.swift; sourceTree = "<group>"; };
		20DC2B2191E32A963C656F27 /* Info.plist */ = {isa = PBXFileReference; lastKnownFileType = text.plist; path = Info.plist; sourceTree = "<group>"; };
		3421A8B2F21910CD426AE4E4 /* CoherenceWatchAppTests.xctest */ = {isa = PBXFileReference; explicitFileType = wrapper.cfbundle; includeInIndex = 0; path = CoherenceWatchAppTests.xctest; sourceTree = BUILT_PRODUCTS_DIR; };
		34D7C00269526DEECDBF915A /* CoherenceApp.app */ = {isa = PBXFileReference; includeInIndex = 0; lastKnownFileType = wrapper.application; path = CoherenceApp.app; sourceTree = BUILT_PRODUCTS_DIR; };
		4FA95EAF7B380B8DA0620636 /* CoherenceKit */ = {isa = PBXFileReference; lastKnownFileType = folder; name = CoherenceKit; path = ../../packages/swift/CoherenceKit; sourceTree = SOURCE_ROOT; };
		502326384CA02FD138B13FC8 /* PhoneCompositionRoot.swift */ = {isa = PBXFileReference; lastKnownFileType = sourcecode.swift; path = PhoneCompositionRoot.swift; sourceTree = "<group>"; };
		5694D7CA4358E13D5D67969E /* PhoneDiagnosticsView.swift */ = {isa = PBXFileReference; lastKnownFileType = sourcecode.swift; path = PhoneDiagnosticsView.swift; sourceTree = "<group>"; };
		5A56EFF3A5AC63811EAF2A69 /* CoherenceAppTests.xctest */ = {isa = PBXFileReference; includeInIndex = 0; lastKnownFileType = wrapper.cfbundle; path = CoherenceAppTests.xctest; sourceTree = BUILT_PRODUCTS_DIR; };
		7DF09B0E0F1B7A0BB1CBC49B /* AuthorizationPresentation.swift */ = {isa = PBXFileReference; lastKnownFileType = sourcecode.swift; path = AuthorizationPresentation.swift; sourceTree = "<group>"; };
		84B6B71D3C69C22E90D5933E /* CoherenceAppUITests.xctest */ = {isa = PBXFileReference; includeInIndex = 0; lastKnownFileType = wrapper.cfbundle; path = CoherenceAppUITests.xctest; sourceTree = BUILT_PRODUCTS_DIR; };
		8D80A52C7F5F97D99BC190EB /* HealthKitMeasurementAuthorizationService.swift */ = {isa = PBXFileReference; lastKnownFileType = sourcecode.swift; path = HealthKitMeasurementAuthorizationService.swift; sourceTree = "<group>"; };
		92ADBC8D8F70308B7CBF44C0 /* WatchCompositionTests.swift */ = {isa = PBXFileReference; lastKnownFileType = sourcecode.swift; path = WatchCompositionTests.swift; sourceTree = "<group>"; };
		9EC6CC5D30444859474D9BB5 /* WatchSessionLifecycleView.swift */ = {isa = PBXFileReference; lastKnownFileType = sourcecode.swift; path = WatchSessionLifecycleView.swift; sourceTree = "<group>"; };
		A33B9349CB05A0933A46D43B /* PhoneAppModel.swift */ = {isa = PBXFileReference; lastKnownFileType = sourcecode.swift; path = PhoneAppModel.swift; sourceTree = "<group>"; };
		AA8BEC1A31DC67305423E7A3 /* CoherenceAppUITests.swift */ = {isa = PBXFileReference; lastKnownFileType = sourcecode.swift; path = CoherenceAppUITests.swift; sourceTree = "<group>"; };
		B5E95A58C8FB2A2C0A75BD0A /* AppleRuntimeConfiguration.swift */ = {isa = PBXFileReference; lastKnownFileType = sourcecode.swift; path = AppleRuntimeConfiguration.swift; sourceTree = "<group>"; };
		B6EE446C88DFAFA8A53D000E /* CoherenceWatchApp.app */ = {isa = PBXFileReference; explicitFileType = wrapper.application; includeInIndex = 0; path = CoherenceWatchApp.app; sourceTree = BUILT_PRODUCTS_DIR; };
		BA3EB378294E545ABD15DDB6 /* CoherenceApp.swift */ = {isa = PBXFileReference; lastKnownFileType = sourcecode.swift; path = CoherenceApp.swift; sourceTree = "<group>"; };
		C628B71811C59D7A23921EA1 /* Info.plist */ = {isa = PBXFileReference; lastKnownFileType = text.plist; path = Info.plist; sourceTree = "<group>"; };
		C98D26AFB82A838D4EAD03C5 /* WatchCompositionRoot.swift */ = {isa = PBXFileReference; lastKnownFileType = sourcecode.swift; path = WatchCompositionRoot.swift; sourceTree = "<group>"; };
		CEDE17AF7C533231EC03A8D0 /* Debug.xcconfig */ = {isa = PBXFileReference; lastKnownFileType = text.xcconfig; path = Debug.xcconfig; sourceTree = "<group>"; };
		D0F893D792732C8902DAAC5F /* WatchAppModel.swift */ = {isa = PBXFileReference; lastKnownFileType = sourcecode.swift; path = WatchAppModel.swift; sourceTree = "<group>"; };
		D47E3C30B2BFFA2C7AF5706C /* PhoneOverviewView.swift */ = {isa = PBXFileReference; lastKnownFileType = sourcecode.swift; path = PhoneOverviewView.swift; sourceTree = "<group>"; };
		D508757CB2061B46571DC9C7 /* AuthorizationServices.swift */ = {isa = PBXFileReference; lastKnownFileType = sourcecode.swift; path = AuthorizationServices.swift; sourceTree = "<group>"; };
		E1BAE5477DD544B1570747AD /* CoherenceWatchApp.swift */ = {isa = PBXFileReference; lastKnownFileType = sourcecode.swift; path = CoherenceWatchApp.swift; sourceTree = "<group>"; };
		E23EEF1A968B5C63FEB66E7F /* WatchRootView.swift */ = {isa = PBXFileReference; lastKnownFileType = sourcecode.swift; path = WatchRootView.swift; sourceTree = "<group>"; };
		E29FC49C17D8125CB6395CAE /* FixtureMeasurementSessionLifecycleService.swift */ = {isa = PBXFileReference; lastKnownFileType = sourcecode.swift; path = FixtureMeasurementSessionLifecycleService.swift; sourceTree = "<group>"; };
		ECD33165B4971C0E68FC7626 /* Base.xcconfig */ = {isa = PBXFileReference; lastKnownFileType = text.xcconfig; path = Base.xcconfig; sourceTree = "<group>"; };
		EDF523B23DBF61BDC3A82141 /* project.yml */ = {isa = PBXFileReference; lastKnownFileType = text.yaml; path = project.yml; sourceTree = "<group>"; };
		EE35916B6483C699F380EA7F /* Local.example.xcconfig */ = {isa = PBXFileReference; lastKnownFileType = text.xcconfig; path = Local.example.xcconfig; sourceTree = "<group>"; };
		F3B1E2E4C24497DF7BA9CF98 /* README.md */ = {isa = PBXFileReference; lastKnownFileType = net.daringfireball.markdown; path = README.md; sourceTree = "<group>"; };
/* End PBXFileReference section */

/* Begin PBXFrameworksBuildPhase section */
		034F0E7CE372C3A5A07C2F6E /* Frameworks */ = {
			isa = PBXFrameworksBuildPhase;
			buildActionMask = 2147483647;
			files = (
				FFBFE529B996E22462EA7BBE /* CoherenceCore in Frameworks */,
				FE431DA9C24AE2C8F01D64D0 /* CoherenceAcquisition in Frameworks */,
				E24DB15763E76D2B64EB523D /* CoherenceData in Frameworks */,
				4F3537BE0E1A09FE5B12D913 /* CoherenceSync in Frameworks */,
				9D16B4D34F7C31ED3D888F7A /* CoherenceFeatures in Frameworks */,
			);
			runOnlyForDeploymentPostprocessing = 0;
		};
		447EE7D13FB431EDCEE8B1AE /* Frameworks */ = {
			isa = PBXFrameworksBuildPhase;
			buildActionMask = 2147483647;
			files = (
				54A038C652F62FD0A007E294 /* CoherenceCore in Frameworks */,
				53370F724CB33FF7D91E19CA /* CoherenceAcquisition in Frameworks */,
			);
			runOnlyForDeploymentPostprocessing = 0;
		};
		8648EAB0D985CC9B20B6086F /* Frameworks */ = {
			isa = PBXFrameworksBuildPhase;
			buildActionMask = 2147483647;
			files = (
				FC2607F99FC2BFC7AEFB0B78 /* CoherenceCore in Frameworks */,
				F03D0F73726007B90FBD3409 /* CoherenceAcquisition in Frameworks */,
			);
			runOnlyForDeploymentPostprocessing = 0;
		};
		D2DEDC08AE6E82D06091F2F4 /* Frameworks */ = {
			isa = PBXFrameworksBuildPhase;
			buildActionMask = 2147483647;
			files = (
				A7261CD48183002FDFCC07FB /* CoherenceCore in Frameworks */,
				FE9774A751F7FC7B475588DE /* CoherenceAcquisition in Frameworks */,
				1B1A3A64D64FF84B4A89EBF7 /* CoherenceData in Frameworks */,
				22F83AB04E91A53A6AC64D19 /* CoherenceSync in Frameworks */,
			);
			runOnlyForDeploymentPostprocessing = 0;
		};
/* End PBXFrameworksBuildPhase section */

/* Begin PBXGroup section */
		0E5A879105BDDA94926FA7C6 /* Resources */ = {
			isa = PBXGroup;
			children = (
				20DC2B2191E32A963C656F27 /* Info.plist */,
			);
			path = Resources;
			sourceTree = "<group>";
		};
		0EAE49824B1378CC56871DDF /* Sources */ = {
			isa = PBXGroup;
			children = (
				E1BAE5477DD544B1570747AD /* CoherenceWatchApp.swift */,
				D0F893D792732C8902DAAC5F /* WatchAppModel.swift */,
				C98D26AFB82A838D4EAD03C5 /* WatchCompositionRoot.swift */,
				E23EEF1A968B5C63FEB66E7F /* WatchRootView.swift */,
				9EC6CC5D30444859474D9BB5 /* WatchSessionLifecycleView.swift */,
			);
			path = Sources;
			sourceTree = "<group>";
		};
		35869AE450A1791ED658A837 /* Products */ = {
			isa = PBXGroup;
			children = (
				34D7C00269526DEECDBF915A /* CoherenceApp.app */,
				5A56EFF3A5AC63811EAF2A69 /* CoherenceAppTests.xctest */,
				84B6B71D3C69C22E90D5933E /* CoherenceAppUITests.xctest */,
				B6EE446C88DFAFA8A53D000E /* CoherenceWatchApp.app */,
				3421A8B2F21910CD426AE4E4 /* CoherenceWatchAppTests.xctest */,
			);
			name = Products;
			sourceTree = "<group>";
		};
		3891D6183F27115E8FDC24F7 /* CoherenceWatchAppTests */ = {
			isa = PBXGroup;
			children = (
				92ADBC8D8F70308B7CBF44C0 /* WatchCompositionTests.swift */,
			);
			path = CoherenceWatchAppTests;
			sourceTree = "<group>";
		};
		4CCA799EEE835C1FC7A42EF9 /* watchos */ = {
			isa = PBXGroup;
			children = (
				0E5A879105BDDA94926FA7C6 /* Resources */,
				0EAE49824B1378CC56871DDF /* Sources */,
				74F83E6FEA093947F17D9834 /* Tests */,
			);
			path = watchos;
			sourceTree = "<group>";
		};
		63FFC9E4EBA359E15DEE65B9 /* Tests */ = {
			isa = PBXGroup;
			children = (
				CD912047BAEE5B02090B0B7F /* CoherenceAppTests */,
				F1B53AF8A73C3BEF5203128B /* CoherenceAppUITests */,
			);
			path = Tests;
			sourceTree = "<group>";
		};
		6A0F9C9A05FC8D39246C64E1 /* shared */ = {
			isa = PBXGroup;
			children = (
				85AACA931AE92FEE257947FB /* Sources */,
			);
			path = shared;
			sourceTree = "<group>";
		};
		73543A2D92EEEE95BD22A329 /* config */ = {
			isa = PBXGroup;
			children = (
				8F0862FF67ABB217E9438E9A /* apple */,
			);
			path = config;
			sourceTree = "<group>";
		};
		74F83E6FEA093947F17D9834 /* Tests */ = {
			isa = PBXGroup;
			children = (
				3891D6183F27115E8FDC24F7 /* CoherenceWatchAppTests */,
			);
			path = Tests;
			sourceTree = "<group>";
		};
		85AACA931AE92FEE257947FB /* Sources */ = {
			isa = PBXGroup;
			children = (
				0A0F53EF97C26AC8A87DEB9F /* AppleDiagnosticSnapshot.swift */,
				B5E95A58C8FB2A2C0A75BD0A /* AppleRuntimeConfiguration.swift */,
				7DF09B0E0F1B7A0BB1CBC49B /* AuthorizationPresentation.swift */,
				D508757CB2061B46571DC9C7 /* AuthorizationServices.swift */,
				0A79D57FF53818EAF7EE16FA /* BootstrapSensorAdapters.swift */,
				E29FC49C17D8125CB6395CAE /* FixtureMeasurementSessionLifecycleService.swift */,
				8D80A52C7F5F97D99BC190EB /* HealthKitMeasurementAuthorizationService.swift */,
			);
			path = Sources;
			sourceTree = "<group>";
		};
		8F0862FF67ABB217E9438E9A /* apple */ = {
			isa = PBXGroup;
			children = (
				F3022D607CB1B994C68129EC /* xcode */,
			);
			path = apple;
			sourceTree = "<group>";
		};
		954F6C59E463CE37370BFFC3 /* ios */ = {
			isa = PBXGroup;
			children = (
				C4B6FFD8C8E4773DC09700D6 /* Resources */,
				C4A4FCCAD6D19EF2DCDEFFD9 /* Sources */,
				63FFC9E4EBA359E15DEE65B9 /* Tests */,
			);
			path = ios;
			sourceTree = "<group>";
		};
		9C6180A9E8643C941E7259F5 = {
			isa = PBXGroup;
			children = (
				EDF523B23DBF61BDC3A82141 /* project.yml */,
				F3B1E2E4C24497DF7BA9CF98 /* README.md */,
				F7E1808E10DBC8797732C230 /* coherence-app */,
				954F6C59E463CE37370BFFC3 /* ios */,
				AB34C9269B030D88EA6F7521 /* Packages */,
				6A0F9C9A05FC8D39246C64E1 /* shared */,
				4CCA799EEE835C1FC7A42EF9 /* watchos */,
				35869AE450A1791ED658A837 /* Products */,
			);
			sourceTree = "<group>";
		};
		AB34C9269B030D88EA6F7521 /* Packages */ = {
			isa = PBXGroup;
			children = (
				4FA95EAF7B380B8DA0620636 /* CoherenceKit */,
			);
			name = Packages;
			sourceTree = "<group>";
		};
		C4A4FCCAD6D19EF2DCDEFFD9 /* Sources */ = {
			isa = PBXGroup;
			children = (
				BA3EB378294E545ABD15DDB6 /* CoherenceApp.swift */,
				A33B9349CB05A0933A46D43B /* PhoneAppModel.swift */,
				502326384CA02FD138B13FC8 /* PhoneCompositionRoot.swift */,
				5694D7CA4358E13D5D67969E /* PhoneDiagnosticsView.swift */,
				D47E3C30B2BFFA2C7AF5706C /* PhoneOverviewView.swift */,
				12F5A46C383BD5D806547646 /* PhonePermissionsView.swift */,
				0F6D5F66F86F9FAAC1B3F475 /* PhonePrivacyView.swift */,
				146EB442A4994D79DCCFBD0C /* PhoneRootView.swift */,
			);
			path = Sources;
			sourceTree = "<group>";
		};
		C4B6FFD8C8E4773DC09700D6 /* Resources */ = {
			isa = PBXGroup;
			children = (
				C628B71811C59D7A23921EA1 /* Info.plist */,
			);
			path = Resources;
			sourceTree = "<group>";
		};
		CD912047BAEE5B02090B0B7F /* CoherenceAppTests */ = {
			isa = PBXGroup;
			children = (
				1FECD9BD77D2A056D2F772BC /* PhoneCompositionTests.swift */,
			);
			path = CoherenceAppTests;
			sourceTree = "<group>";
		};
		F1B53AF8A73C3BEF5203128B /* CoherenceAppUITests */ = {
			isa = PBXGroup;
			children = (
				AA8BEC1A31DC67305423E7A3 /* CoherenceAppUITests.swift */,
			);
			path = CoherenceAppUITests;
			sourceTree = "<group>";
		};
		F3022D607CB1B994C68129EC /* xcode */ = {
			isa = PBXGroup;
			children = (
				ECD33165B4971C0E68FC7626 /* Base.xcconfig */,
				CEDE17AF7C533231EC03A8D0 /* Debug.xcconfig */,
				EE35916B6483C699F380EA7F /* Local.example.xcconfig */,
				1D1ACDD5BF71E48ED57E2C35 /* Release.xcconfig */,
			);
			path = xcode;
			sourceTree = "<group>";
		};
		F7E1808E10DBC8797732C230 /* coherence-app */ = {
			isa = PBXGroup;
			children = (
				73543A2D92EEEE95BD22A329 /* config */,
			);
			name = "coherence-app";
			path = ../..;
			sourceTree = "<group>";
		};
/* End PBXGroup section */

/* Begin PBXNativeTarget section */
		3FCB376B4927AA8030C1E578 /* CoherenceApp */ = {
			isa = PBXNativeTarget;
			buildConfigurationList = 1E4FEF04DE05D16FB743F658 /* Build configuration list for PBXNativeTarget "CoherenceApp" */;
			buildPhases = (
				AEF8CE4AF32453F8F0EA03CE /* Sources */,
				034F0E7CE372C3A5A07C2F6E /* Frameworks */,
				0203271B45DC54F454AA99C6 /* Embed Watch Content */,
			);
			buildRules = (
			);
			dependencies = (
				70BB0701DCF670CAD6FC6152 /* PBXTargetDependency */,
			);
			name = CoherenceApp;
			packageProductDependencies = (
				D90B73617ABDDCAED378D012 /* CoherenceCore */,
				4A81E9C12F153CB749BD007C /* CoherenceAcquisition */,
				68362510A42F302AD46D72F4 /* CoherenceData */,
				6C1169BD12950A2CED9BE8F9 /* CoherenceSync */,
				4A957DA0DE1541FEBE35D98D /* CoherenceFeatures */,
			);
			productName = CoherenceApp;
			productReference = 34D7C00269526DEECDBF915A /* CoherenceApp.app */;
			productType = "com.apple.product-type.application";
		};
		917CED053E1A6BD133DF7074 /* CoherenceAppTests */ = {
			isa = PBXNativeTarget;
			buildConfigurationList = 497C4EA71E640B591E40012A /* Build configuration list for PBXNativeTarget "CoherenceAppTests" */;
			buildPhases = (
				A5FEE82F19312155DD28FA83 /* Sources */,
				447EE7D13FB431EDCEE8B1AE /* Frameworks */,
			);
			buildRules = (
			);
			dependencies = (
				F067B6268F0FF4404A5CC174 /* PBXTargetDependency */,
			);
			name = CoherenceAppTests;
			packageProductDependencies = (
				3A83743798739604B4A98982 /* CoherenceCore */,
				B2DB0525356FBCAA40D4AB68 /* CoherenceAcquisition */,
			);
			productName = CoherenceAppTests;
			productReference = 5A56EFF3A5AC63811EAF2A69 /* CoherenceAppTests.xctest */;
			productType = "com.apple.product-type.bundle.unit-test";
		};
		952B13C1DFFEC17FDBA5D714 /* CoherenceWatchAppTests */ = {
			isa = PBXNativeTarget;
			buildConfigurationList = A1EECF808724E72D8671D7C7 /* Build configuration list for PBXNativeTarget "CoherenceWatchAppTests" */;
			buildPhases = (
				78DE5A53E84CD34D3A2E80D4 /* Sources */,
				8648EAB0D985CC9B20B6086F /* Frameworks */,
			);
			buildRules = (
			);
			dependencies = (
				5D6762BDD804CDB28BE6EDA0 /* PBXTargetDependency */,
			);
			name = CoherenceWatchAppTests;
			packageProductDependencies = (
				19FB7D62B6F6B602EE17B3E2 /* CoherenceCore */,
				7F46E13ED5B1A680D7721515 /* CoherenceAcquisition */,
			);
			productName = CoherenceWatchAppTests;
			productReference = 3421A8B2F21910CD426AE4E4 /* CoherenceWatchAppTests.xctest */;
			productType = "com.apple.product-type.bundle.unit-test";
		};
		C581DBFCC14D794963136452 /* CoherenceWatchApp */ = {
			isa = PBXNativeTarget;
			buildConfigurationList = FB3081F65DF5E62B560773DD /* Build configuration list for PBXNativeTarget "CoherenceWatchApp" */;
			buildPhases = (
				515F3E38A59163B8460250FE /* Sources */,
				D2DEDC08AE6E82D06091F2F4 /* Frameworks */,
			);
			buildRules = (
			);
			dependencies = (
			);
			name = CoherenceWatchApp;
			packageProductDependencies = (
				DCFDE9E261849BFAC4777CDD /* CoherenceCore */,
				0D7F607BB4192888FBAF6FFD /* CoherenceAcquisition */,
				994B2A0A85E00201B8C2398D /* CoherenceData */,
				3BA9B49658AA1E4633C90B4D /* CoherenceSync */,
			);
			productName = CoherenceWatchApp;
			productReference = B6EE446C88DFAFA8A53D000E /* CoherenceWatchApp.app */;
			productType = "com.apple.product-type.application";
		};
		C61368148BFEDEF53DE24865 /* CoherenceAppUITests */ = {
			isa = PBXNativeTarget;
			buildConfigurationList = 963099A2CD08AA59194F4A8C /* Build configuration list for PBXNativeTarget "CoherenceAppUITests" */;
			buildPhases = (
				B7A8A85E26F9E89F243303FE /* Sources */,
			);
			buildRules = (
			);
			dependencies = (
				8743DAC52AEA852E098ABA78 /* PBXTargetDependency */,
			);
			name = CoherenceAppUITests;
			packageProductDependencies = (
			);
			productName = CoherenceAppUITests;
			productReference = 84B6B71D3C69C22E90D5933E /* CoherenceAppUITests.xctest */;
			productType = "com.apple.product-type.bundle.ui-testing";
		};
/* End PBXNativeTarget section */

/* Begin PBXProject section */
		B4A2EB289D1F0BDEB14733DE /* Project object */ = {
			isa = PBXProject;
			attributes = {
				BuildIndependentTargetsInParallel = YES;
				LastUpgradeCheck = 1700;
				TargetAttributes = {
					3FCB376B4927AA8030C1E578 = {
						DevelopmentTeam = "";
						ProvisioningStyle = Automatic;
					};
					917CED053E1A6BD133DF7074 = {
						DevelopmentTeam = "";
						ProvisioningStyle = Automatic;
					};
					952B13C1DFFEC17FDBA5D714 = {
						DevelopmentTeam = "";
						ProvisioningStyle = Automatic;
					};
					C581DBFCC14D794963136452 = {
						DevelopmentTeam = "";
						ProvisioningStyle = Automatic;
					};
					C61368148BFEDEF53DE24865 = {
						DevelopmentTeam = "";
						ProvisioningStyle = Automatic;
						TestTargetID = 3FCB376B4927AA8030C1E578;
					};
				};
			};
			buildConfigurationList = 78FBF0A3F5956DDAAC872F9B /* Build configuration list for PBXProject "Coherence" */;
			developmentRegion = en;
			hasScannedForEncodings = 0;
			knownRegions = (
				Base,
				en,
			);
			mainGroup = 9C6180A9E8643C941E7259F5;
			minimizedProjectReferenceProxies = 1;
			packageReferences = (
				B4796D6C271D3F3BF2AF7478 /* XCLocalSwiftPackageReference "../../packages/swift/CoherenceKit" */,
			);
			preferredProjectObjectVersion = 77;
			productRefGroup = 35869AE450A1791ED658A837 /* Products */;
			projectDirPath = "";
			projectRoot = "";
			targets = (
				3FCB376B4927AA8030C1E578 /* CoherenceApp */,
				917CED053E1A6BD133DF7074 /* CoherenceAppTests */,
				C61368148BFEDEF53DE24865 /* CoherenceAppUITests */,
				C581DBFCC14D794963136452 /* CoherenceWatchApp */,
				952B13C1DFFEC17FDBA5D714 /* CoherenceWatchAppTests */,
			);
		};
/* End PBXProject section */

/* Begin PBXSourcesBuildPhase section */
		515F3E38A59163B8460250FE /* Sources */ = {
			isa = PBXSourcesBuildPhase;
			buildActionMask = 2147483647;
			files = (
				CE4735803FA806693A79A094 /* AppleDiagnosticSnapshot.swift in Sources */,
				404AFF16F8A2FBAD50FD88C3 /* AppleRuntimeConfiguration.swift in Sources */,
				7320D6BCC6AFF44708658BE8 /* AuthorizationPresentation.swift in Sources */,
				6E9A69B44C597EF81F560849 /* AuthorizationServices.swift in Sources */,
				C8A0C4F7537A5059A89E290E /* BootstrapSensorAdapters.swift in Sources */,
				0F917684FE0BFEFE4B089BDE /* CoherenceWatchApp.swift in Sources */,
				84BA2A18311840B356E7AC93 /* FixtureMeasurementSessionLifecycleService.swift in Sources */,
				74505341961BB26AA3311ED2 /* HealthKitMeasurementAuthorizationService.swift in Sources */,
				C542084B6A71260CBFD4C6EC /* WatchAppModel.swift in Sources */,
				44C72C352556BAF584FEB200 /* WatchCompositionRoot.swift in Sources */,
				6FB82808C9AF85F0B95D8769 /* WatchRootView.swift in Sources */,
				F6FACECD2DAB84DB5D536E0E /* WatchSessionLifecycleView.swift in Sources */,
			);
			runOnlyForDeploymentPostprocessing = 0;
		};
		78DE5A53E84CD34D3A2E80D4 /* Sources */ = {
			isa = PBXSourcesBuildPhase;
			buildActionMask = 2147483647;
			files = (
				5EAB8F1859B9A9E5A272A1A6 /* WatchCompositionTests.swift in Sources */,
			);
			runOnlyForDeploymentPostprocessing = 0;
		};
		A5FEE82F19312155DD28FA83 /* Sources */ = {
			isa = PBXSourcesBuildPhase;
			buildActionMask = 2147483647;
			files = (
				AFAF621D4623FB12555A14C5 /* PhoneCompositionTests.swift in Sources */,
			);
			runOnlyForDeploymentPostprocessing = 0;
		};
		AEF8CE4AF32453F8F0EA03CE /* Sources */ = {
			isa = PBXSourcesBuildPhase;
			buildActionMask = 2147483647;
			files = (
				1297D434C6DABD4D79D7EEA9 /* AppleDiagnosticSnapshot.swift in Sources */,
				EE87130F24BECD05278B85B7 /* AppleRuntimeConfiguration.swift in Sources */,
				A8EAD669536B3E2F205A5ECE /* AuthorizationPresentation.swift in Sources */,
				85CCCD8031B68B1199939187 /* AuthorizationServices.swift in Sources */,
				68557C84491B188B313B56A1 /* BootstrapSensorAdapters.swift in Sources */,
				DB6F162BACC7133958603B55 /* CoherenceApp.swift in Sources */,
				C57108994A4C5D6ADE2A6E84 /* FixtureMeasurementSessionLifecycleService.swift in Sources */,
				B3467BCEC792B650E4D47A86 /* HealthKitMeasurementAuthorizationService.swift in Sources */,
				6F5F0F7140A8766595596250 /* PhoneAppModel.swift in Sources */,
				ADF0CD022CE2A67F614F3825 /* PhoneCompositionRoot.swift in Sources */,
				E96E3B1411F2E1F035AAA842 /* PhoneDiagnosticsView.swift in Sources */,
				B7C2E98CA2C6037E4AF71267 /* PhoneOverviewView.swift in Sources */,
				24F9DFC230B1EAB11F0E4BE6 /* PhonePermissionsView.swift in Sources */,
				80ED975E32DE270E6B76C8DA /* PhonePrivacyView.swift in Sources */,
				510ABEBBDB749E57B9C1F731 /* PhoneRootView.swift in Sources */,
			);
			runOnlyForDeploymentPostprocessing = 0;
		};
		B7A8A85E26F9E89F243303FE /* Sources */ = {
			isa = PBXSourcesBuildPhase;
			buildActionMask = 2147483647;
			files = (
				8CFFE0AED25A5B3B47BFC154 /* CoherenceAppUITests.swift in Sources */,
			);
			runOnlyForDeploymentPostprocessing = 0;
		};
/* End PBXSourcesBuildPhase section */

/* Begin PBXTargetDependency section */
		5D6762BDD804CDB28BE6EDA0 /* PBXTargetDependency */ = {
			isa = PBXTargetDependency;
			target = C581DBFCC14D794963136452 /* CoherenceWatchApp */;
			targetProxy = 6527FFBB621F8FBC61A006F7 /* PBXContainerItemProxy */;
		};
		70BB0701DCF670CAD6FC6152 /* PBXTargetDependency */ = {
			isa = PBXTargetDependency;
			target = C581DBFCC14D794963136452 /* CoherenceWatchApp */;
			targetProxy = 8C58F8815C8CCD2E1513725C /* PBXContainerItemProxy */;
		};
		8743DAC52AEA852E098ABA78 /* PBXTargetDependency */ = {
			isa = PBXTargetDependency;
			target = 3FCB376B4927AA8030C1E578 /* CoherenceApp */;
			targetProxy = 89FD106FE4BA7E3441EBE382 /* PBXContainerItemProxy */;
		};
		F067B6268F0FF4404A5CC174 /* PBXTargetDependency */ = {
			isa = PBXTargetDependency;
			target = 3FCB376B4927AA8030C1E578 /* CoherenceApp */;
			targetProxy = 430BABA34BA5E3D6E7443F23 /* PBXContainerItemProxy */;
		};
/* End PBXTargetDependency section */

/* Begin XCBuildConfiguration section */
		1D75C4EB73B1F01AD8E0520A /* Release */ = {
			isa = XCBuildConfiguration;
			buildSettings = {
				ASSETCATALOG_COMPILER_APPICON_NAME = AppIcon;
				CODE_SIGN_ENTITLEMENTS = ios/Coherence.entitlements;
				CODE_SIGN_IDENTITY = "iPhone Developer";
				CURRENT_PROJECT_VERSION = 1;
				GENERATE_INFOPLIST_FILE = NO;
				INFOPLIST_FILE = ios/Resources/Info.plist;
				IPHONEOS_DEPLOYMENT_TARGET = 18.0;
				LD_RUNPATH_SEARCH_PATHS = (
					"$(inherited)",
					"@executable_path/Frameworks",
				);
				MARKETING_VERSION = 0.1.0;
				PRODUCT_BUNDLE_IDENTIFIER = org.providencecollective.coherence;
				PRODUCT_MODULE_NAME = CoherenceApp;
				PRODUCT_NAME = Coherence;
				SDKROOT = iphoneos;
				TARGETED_DEVICE_FAMILY = 1;
			};
			name = Release;
		};
		55EAC72D23688F0547E185E7 /* Debug */ = {
			isa = XCBuildConfiguration;
			baseConfigurationReference = CEDE17AF7C533231EC03A8D0 /* Debug.xcconfig */;
			buildSettings = {
				ALWAYS_SEARCH_USER_PATHS = NO;
				CLANG_ANALYZER_NONNULL = YES;
				CLANG_ANALYZER_NUMBER_OBJECT_CONVERSION = YES_AGGRESSIVE;
				CLANG_CXX_LANGUAGE_STANDARD = "gnu++14";
				CLANG_CXX_LIBRARY = "libc++";
				CLANG_ENABLE_MODULES = YES;
				CLANG_ENABLE_OBJC_ARC = YES;
				CLANG_ENABLE_OBJC_WEAK = YES;
				CLANG_WARN_BLOCK_CAPTURE_AUTORELEASING = YES;
				CLANG_WARN_BOOL_CONVERSION = YES;
				CLANG_WARN_COMMA = YES;
				CLANG_WARN_CONSTANT_CONVERSION = YES;
				CLANG_WARN_DEPRECATED_OBJC_IMPLEMENTATIONS = YES;
				CLANG_WARN_DIRECT_OBJC_ISA_USAGE = YES_ERROR;
				CLANG_WARN_DOCUMENTATION_COMMENTS = YES;
				CLANG_WARN_EMPTY_BODY = YES;
				CLANG_WARN_ENUM_CONVERSION = YES;
				CLANG_WARN_INFINITE_RECURSION = YES;
				CLANG_WARN_INT_CONVERSION = YES;
				CLANG_WARN_NON_LITERAL_NULL_CONVERSION = YES;
				CLANG_WARN_OBJC_IMPLICIT_RETAIN_SELF = YES;
				CLANG_WARN_OBJC_LITERAL_CONVERSION = YES;
				CLANG_WARN_OBJC_ROOT_CLASS = YES_ERROR;
				CLANG_WARN_QUOTED_INCLUDE_IN_FRAMEWORK_HEADER = YES;
				CLANG_WARN_RANGE_LOOP_ANALYSIS = YES;
				CLANG_WARN_STRICT_PROTOTYPES = YES;
				CLANG_WARN_SUSPICIOUS_MOVE = YES;
				CLANG_WARN_UNGUARDED_AVAILABILITY = YES_AGGRESSIVE;
				CLANG_WARN_UNREACHABLE_CODE = YES;
				CLANG_WARN__DUPLICATE_METHOD_MATCH = YES;
				COPY_PHASE_STRIP = NO;
				DEBUG_INFORMATION_FORMAT = dwarf;
				ENABLE_STRICT_OBJC_MSGSEND = YES;
				ENABLE_TESTABILITY = YES;
				GCC_C_LANGUAGE_STANDARD = gnu11;
				GCC_DYNAMIC_NO_PIC = NO;
				GCC_NO_COMMON_BLOCKS = YES;
				GCC_OPTIMIZATION_LEVEL = 0;
				GCC_PREPROCESSOR_DEFINITIONS = (
					"$(inherited)",
					"DEBUG=1",
				);
				GCC_WARN_64_TO_32_BIT_CONVERSION = YES;
				GCC_WARN_ABOUT_RETURN_TYPE = YES_ERROR;
				GCC_WARN_UNDECLARED_SELECTOR = YES;
				GCC_WARN_UNINITIALIZED_AUTOS = YES_AGGRESSIVE;
				GCC_WARN_UNUSED_FUNCTION = YES;
				GCC_WARN_UNUSED_VARIABLE = YES;
				IPHONEOS_DEPLOYMENT_TARGET = 18.0;
				MTL_ENABLE_DEBUG_INFO = INCLUDE_SOURCE;
				MTL_FAST_MATH = YES;
				PRODUCT_NAME = "$(TARGET_NAME)";
				SWIFT_OPTIMIZATION_LEVEL = "-Onone";
				WATCHOS_DEPLOYMENT_TARGET = 11.0;
			};
			name = Debug;
		};
		5F25D990BC383C00FE7DBEF9 /* Debug */ = {
			isa = XCBuildConfiguration;
			buildSettings = {
				ASSETCATALOG_COMPILER_APPICON_NAME = AppIcon;
				CODE_SIGN_ENTITLEMENTS = ios/Coherence.entitlements;
				CODE_SIGN_IDENTITY = "iPhone Developer";
				CURRENT_PROJECT_VERSION = 1;
				GENERATE_INFOPLIST_FILE = NO;
				INFOPLIST_FILE = ios/Resources/Info.plist;
				IPHONEOS_DEPLOYMENT_TARGET = 18.0;
				LD_RUNPATH_SEARCH_PATHS = (
					"$(inherited)",
					"@executable_path/Frameworks",
				);
				MARKETING_VERSION = 0.1.0;
				PRODUCT_BUNDLE_IDENTIFIER = org.providencecollective.coherence;
				PRODUCT_MODULE_NAME = CoherenceApp;
				PRODUCT_NAME = Coherence;
				SDKROOT = iphoneos;
				TARGETED_DEVICE_FAMILY = 1;
			};
			name = Debug;
		};
		60C8694D757E2B5114AB701B /* Debug */ = {
			isa = XCBuildConfiguration;
			buildSettings = {
				BUNDLE_LOADER = "$(TEST_HOST)";
				GENERATE_INFOPLIST_FILE = YES;
				IPHONEOS_DEPLOYMENT_TARGET = 18.0;
				LD_RUNPATH_SEARCH_PATHS = (
					"$(inherited)",
					"@executable_path/Frameworks",
					"@loader_path/Frameworks",
				);
				PRODUCT_BUNDLE_IDENTIFIER = org.providencecollective.coherence.tests;
				SDKROOT = iphoneos;
				TARGETED_DEVICE_FAMILY = "1,2";
				TEST_HOST = "$(BUILT_PRODUCTS_DIR)/Coherence.app/Coherence";
			};
			name = Debug;
		};
		8D88DF84424F63F2765D40DD /* Release */ = {
			isa = XCBuildConfiguration;
			baseConfigurationReference = 1D1ACDD5BF71E48ED57E2C35 /* Release.xcconfig */;
			buildSettings = {
				ALWAYS_SEARCH_USER_PATHS = NO;
				CLANG_ANALYZER_NONNULL = YES;
				CLANG_ANALYZER_NUMBER_OBJECT_CONVERSION = YES_AGGRESSIVE;
				CLANG_CXX_LANGUAGE_STANDARD = "gnu++14";
				CLANG_CXX_LIBRARY = "libc++";
				CLANG_ENABLE_MODULES = YES;
				CLANG_ENABLE_OBJC_ARC = YES;
				CLANG_ENABLE_OBJC_WEAK = YES;
				CLANG_WARN_BLOCK_CAPTURE_AUTORELEASING = YES;
				CLANG_WARN_BOOL_CONVERSION = YES;
				CLANG_WARN_COMMA = YES;
				CLANG_WARN_CONSTANT_CONVERSION = YES;
				CLANG_WARN_DEPRECATED_OBJC_IMPLEMENTATIONS = YES;
				CLANG_WARN_DIRECT_OBJC_ISA_USAGE = YES_ERROR;
				CLANG_WARN_DOCUMENTATION_COMMENTS = YES;
				CLANG_WARN_EMPTY_BODY = YES;
				CLANG_WARN_ENUM_CONVERSION = YES;
				CLANG_WARN_INFINITE_RECURSION = YES;
				CLANG_WARN_INT_CONVERSION = YES;
				CLANG_WARN_NON_LITERAL_NULL_CONVERSION = YES;
				CLANG_WARN_OBJC_IMPLICIT_RETAIN_SELF = YES;
				CLANG_WARN_OBJC_LITERAL_CONVERSION = YES;
				CLANG_WARN_OBJC_ROOT_CLASS = YES_ERROR;
				CLANG_WARN_QUOTED_INCLUDE_IN_FRAMEWORK_HEADER = YES;
				CLANG_WARN_RANGE_LOOP_ANALYSIS = YES;
				CLANG_WARN_STRICT_PROTOTYPES = YES;
				CLANG_WARN_SUSPICIOUS_MOVE = YES;
				CLANG_WARN_UNGUARDED_AVAILABILITY = YES_AGGRESSIVE;
				CLANG_WARN_UNREACHABLE_CODE = YES;
				CLANG_WARN__DUPLICATE_METHOD_MATCH = YES;
				COPY_PHASE_STRIP = NO;
				DEBUG_INFORMATION_FORMAT = "dwarf-with-dsym";
				ENABLE_NS_ASSERTIONS = NO;
				ENABLE_STRICT_OBJC_MSGSEND = YES;
				GCC_C_LANGUAGE_STANDARD = gnu11;
				GCC_NO_COMMON_BLOCKS = YES;
				GCC_WARN_64_TO_32_BIT_CONVERSION = YES;
				GCC_WARN_ABOUT_RETURN_TYPE = YES_ERROR;
				GCC_WARN_UNDECLARED_SELECTOR = YES;
				GCC_WARN_UNINITIALIZED_AUTOS = YES_AGGRESSIVE;
				GCC_WARN_UNUSED_FUNCTION = YES;
				GCC_WARN_UNUSED_VARIABLE = YES;
				IPHONEOS_DEPLOYMENT_TARGET = 18.0;
				MTL_ENABLE_DEBUG_INFO = NO;
				MTL_FAST_MATH = YES;
				PRODUCT_NAME = "$(TARGET_NAME)";
				SWIFT_OPTIMIZATION_LEVEL = "-O";
				WATCHOS_DEPLOYMENT_TARGET = 11.0;
			};
			name = Release;
		};
		ACB0201C539AF4EFEFAECC0F /* Release */ = {
			isa = XCBuildConfiguration;
			buildSettings = {
				BUNDLE_LOADER = "$(TEST_HOST)";
				GENERATE_INFOPLIST_FILE = YES;
				IPHONEOS_DEPLOYMENT_TARGET = 18.0;
				LD_RUNPATH_SEARCH_PATHS = (
					"$(inherited)",
					"@executable_path/Frameworks",
					"@loader_path/Frameworks",
				);
				PRODUCT_BUNDLE_IDENTIFIER = org.providencecollective.coherence.uitests;
				SDKROOT = iphoneos;
				TARGETED_DEVICE_FAMILY = "1,2";
				TEST_TARGET_NAME = CoherenceApp;
			};
			name = Release;
		};
		BBA834924F31C119570580DC /* Release */ = {
			isa = XCBuildConfiguration;
			buildSettings = {
				BUNDLE_LOADER = "$(TEST_HOST)";
				GENERATE_INFOPLIST_FILE = YES;
				IPHONEOS_DEPLOYMENT_TARGET = 18.0;
				LD_RUNPATH_SEARCH_PATHS = (
					"$(inherited)",
					"@executable_path/Frameworks",
					"@loader_path/Frameworks",
				);
				PRODUCT_BUNDLE_IDENTIFIER = org.providencecollective.coherence.tests;
				SDKROOT = iphoneos;
				TARGETED_DEVICE_FAMILY = "1,2";
				TEST_HOST = "$(BUILT_PRODUCTS_DIR)/Coherence.app/Coherence";
			};
			name = Release;
		};
		C46E62DC2337144AEB1ACA8E /* Release */ = {
			isa = XCBuildConfiguration;
			buildSettings = {
				BUNDLE_LOADER = "$(TEST_HOST)";
				GENERATE_INFOPLIST_FILE = YES;
				LD_RUNPATH_SEARCH_PATHS = (
					"$(inherited)",
					"@executable_path/Frameworks",
					"@loader_path/Frameworks",
				);
				PRODUCT_BUNDLE_IDENTIFIER = org.providencecollective.coherence.watchkitapp.tests;
				SDKROOT = watchos;
				SKIP_INSTALL = YES;
				TARGETED_DEVICE_FAMILY = 4;
				TEST_HOST = "$(BUILT_PRODUCTS_DIR)/CoherenceWatchApp.app/CoherenceWatchApp";
				WATCHOS_DEPLOYMENT_TARGET = 11.0;
			};
			name = Release;
		};
		C6DB2D1FE847115628F1EB38 /* Debug */ = {
			isa = XCBuildConfiguration;
			buildSettings = {
				BUNDLE_LOADER = "$(TEST_HOST)";
				GENERATE_INFOPLIST_FILE = YES;
				LD_RUNPATH_SEARCH_PATHS = (
					"$(inherited)",
					"@executable_path/Frameworks",
					"@loader_path/Frameworks",
				);
				PRODUCT_BUNDLE_IDENTIFIER = org.providencecollective.coherence.watchkitapp.tests;
				SDKROOT = watchos;
				SKIP_INSTALL = YES;
				TARGETED_DEVICE_FAMILY = 4;
				TEST_HOST = "$(BUILT_PRODUCTS_DIR)/CoherenceWatchApp.app/CoherenceWatchApp";
				WATCHOS_DEPLOYMENT_TARGET = 11.0;
			};
			name = Debug;
		};
		D733336AF286388B00545625 /* Debug */ = {
			isa = XCBuildConfiguration;
			buildSettings = {
				BUNDLE_LOADER = "$(TEST_HOST)";
				GENERATE_INFOPLIST_FILE = YES;
				IPHONEOS_DEPLOYMENT_TARGET = 18.0;
				LD_RUNPATH_SEARCH_PATHS = (
					"$(inherited)",
					"@executable_path/Frameworks",
					"@loader_path/Frameworks",
				);
				PRODUCT_BUNDLE_IDENTIFIER = org.providencecollective.coherence.uitests;
				SDKROOT = iphoneos;
				TARGETED_DEVICE_FAMILY = "1,2";
				TEST_TARGET_NAME = CoherenceApp;
			};
			name = Debug;
		};
		DE94AE820C1DA5D50964127F /* Debug */ = {
			isa = XCBuildConfiguration;
			buildSettings = {
				ASSETCATALOG_COMPILER_APPICON_NAME = AppIcon;
				CODE_SIGN_ENTITLEMENTS = watchos/CoherenceWatch.entitlements;
				CURRENT_PROJECT_VERSION = 1;
				GENERATE_INFOPLIST_FILE = NO;
				INFOPLIST_FILE = watchos/Resources/Info.plist;
				MARKETING_VERSION = 0.1.0;
				PRODUCT_BUNDLE_IDENTIFIER = org.providencecollective.coherence.watchkitapp;
				PRODUCT_MODULE_NAME = CoherenceWatchApp;
				PRODUCT_NAME = CoherenceWatchApp;
				SDKROOT = watchos;
				SKIP_INSTALL = YES;
				TARGETED_DEVICE_FAMILY = 4;
				WATCHOS_DEPLOYMENT_TARGET = 11.0;
			};
			name = Debug;
		};
		E9F84CEF893843E9CEC2411D /* Release */ = {
			isa = XCBuildConfiguration;
			buildSettings = {
				ASSETCATALOG_COMPILER_APPICON_NAME = AppIcon;
				CODE_SIGN_ENTITLEMENTS = watchos/CoherenceWatch.entitlements;
				CURRENT_PROJECT_VERSION = 1;
				GENERATE_INFOPLIST_FILE = NO;
				INFOPLIST_FILE = watchos/Resources/Info.plist;
				MARKETING_VERSION = 0.1.0;
				PRODUCT_BUNDLE_IDENTIFIER = org.providencecollective.coherence.watchkitapp;
				PRODUCT_MODULE_NAME = CoherenceWatchApp;
				PRODUCT_NAME = CoherenceWatchApp;
				SDKROOT = watchos;
				SKIP_INSTALL = YES;
				TARGETED_DEVICE_FAMILY = 4;
				WATCHOS_DEPLOYMENT_TARGET = 11.0;
			};
			name = Release;
		};
/* End XCBuildConfiguration section */

/* Begin XCConfigurationList section */
		1E4FEF04DE05D16FB743F658 /* Build configuration list for PBXNativeTarget "CoherenceApp" */ = {
			isa = XCConfigurationList;
			buildConfigurations = (
				5F25D990BC383C00FE7DBEF9 /* Debug */,
				1D75C4EB73B1F01AD8E0520A /* Release */,
			);
			defaultConfigurationIsVisible = 0;
			defaultConfigurationName = Debug;
		};
		497C4EA71E640B591E40012A /* Build configuration list for PBXNativeTarget "CoherenceAppTests" */ = {
			isa = XCConfigurationList;
			buildConfigurations = (
				60C8694D757E2B5114AB701B /* Debug */,
				BBA834924F31C119570580DC /* Release */,
			);
			defaultConfigurationIsVisible = 0;
			defaultConfigurationName = Debug;
		};
		78FBF0A3F5956DDAAC872F9B /* Build configuration list for PBXProject "Coherence" */ = {
			isa = XCConfigurationList;
			buildConfigurations = (
				55EAC72D23688F0547E185E7 /* Debug */,
				8D88DF84424F63F2765D40DD /* Release */,
			);
			defaultConfigurationIsVisible = 0;
			defaultConfigurationName = Debug;
		};
		963099A2CD08AA59194F4A8C /* Build configuration list for PBXNativeTarget "CoherenceAppUITests" */ = {
			isa = XCConfigurationList;
			buildConfigurations = (
				D733336AF286388B00545625 /* Debug */,
				ACB0201C539AF4EFEFAECC0F /* Release */,
			);
			defaultConfigurationIsVisible = 0;
			defaultConfigurationName = Debug;
		};
		A1EECF808724E72D8671D7C7 /* Build configuration list for PBXNativeTarget "CoherenceWatchAppTests" */ = {
			isa = XCConfigurationList;
			buildConfigurations = (
				C6DB2D1FE847115628F1EB38 /* Debug */,
				C46E62DC2337144AEB1ACA8E /* Release */,
			);
			defaultConfigurationIsVisible = 0;
			defaultConfigurationName = Debug;
		};
		FB3081F65DF5E62B560773DD /* Build configuration list for PBXNativeTarget "CoherenceWatchApp" */ = {
			isa = XCConfigurationList;
			buildConfigurations = (
				DE94AE820C1DA5D50964127F /* Debug */,
				E9F84CEF893843E9CEC2411D /* Release */,
			);
			defaultConfigurationIsVisible = 0;
			defaultConfigurationName = Debug;
		};
/* End XCConfigurationList section */

/* Begin XCLocalSwiftPackageReference section */
		B4796D6C271D3F3BF2AF7478 /* XCLocalSwiftPackageReference "../../packages/swift/CoherenceKit" */ = {
			isa = XCLocalSwiftPackageReference;
			relativePath = ../../packages/swift/CoherenceKit;
		};
/* End XCLocalSwiftPackageReference section */

/* Begin XCSwiftPackageProductDependency section */
		0D7F607BB4192888FBAF6FFD /* CoherenceAcquisition */ = {
			isa = XCSwiftPackageProductDependency;
			productName = CoherenceAcquisition;
		};
		19FB7D62B6F6B602EE17B3E2 /* CoherenceCore */ = {
			isa = XCSwiftPackageProductDependency;
			productName = CoherenceCore;
		};
		3A83743798739604B4A98982 /* CoherenceCore */ = {
			isa = XCSwiftPackageProductDependency;
			productName = CoherenceCore;
		};
		3BA9B49658AA1E4633C90B4D /* CoherenceSync */ = {
			isa = XCSwiftPackageProductDependency;
			productName = CoherenceSync;
		};
		4A81E9C12F153CB749BD007C /* CoherenceAcquisition */ = {
			isa = XCSwiftPackageProductDependency;
			productName = CoherenceAcquisition;
		};
		4A957DA0DE1541FEBE35D98D /* CoherenceFeatures */ = {
			isa = XCSwiftPackageProductDependency;
			productName = CoherenceFeatures;
		};
		68362510A42F302AD46D72F4 /* CoherenceData */ = {
			isa = XCSwiftPackageProductDependency;
			productName = CoherenceData;
		};
		6C1169BD12950A2CED9BE8F9 /* CoherenceSync */ = {
			isa = XCSwiftPackageProductDependency;
			productName = CoherenceSync;
		};
		7F46E13ED5B1A680D7721515 /* CoherenceAcquisition */ = {
			isa = XCSwiftPackageProductDependency;
			productName = CoherenceAcquisition;
		};
		994B2A0A85E00201B8C2398D /* CoherenceData */ = {
			isa = XCSwiftPackageProductDependency;
			productName = CoherenceData;
		};
		B2DB0525356FBCAA40D4AB68 /* CoherenceAcquisition */ = {
			isa = XCSwiftPackageProductDependency;
			productName = CoherenceAcquisition;
		};
		D90B73617ABDDCAED378D012 /* CoherenceCore */ = {
			isa = XCSwiftPackageProductDependency;
			productName = CoherenceCore;
		};
		DCFDE9E261849BFAC4777CDD /* CoherenceCore */ = {
			isa = XCSwiftPackageProductDependency;
			productName = CoherenceCore;
		};
/* End XCSwiftPackageProductDependency section */
	};
	rootObject = B4A2EB289D1F0BDEB14733DE /* Project object */;
}
